
Microsoft Visual Studio Solution File, Format Version 12.00
# Visual Studio 15
Project("{FAE04EC0-301F-11D3-BF4B-00C04F79EFBC}") = "Assembly-CSharp", "Assembly-CSharp.csproj", "{DAA2000A-02E5-26C9-5D18-72C01EF76742}"
EndProject
Project("{FAE04EC0-301F-11D3-BF4B-00C04F79EFBC}") = "Assembly-CSharp-Editor", "Assembly-CSharp-Editor.csproj", "{8CA9761A-6FCB-7FD6-A04F-7355EC97E5F5}"
EndProject
Global
	GlobalSection(SolutionConfigurationPlatforms) = preSolution
		Debug|Any CPU = Debug|Any CPU
		Release|Any CPU = Release|Any CPU
	EndGlobalSection
	GlobalSection(ProjectConfigurationPlatforms) = postSolution
		{DAA2000A-02E5-26C9-5D18-72C01EF76742}.Debug|Any CPU.ActiveCfg = Debug|Any CPU
		{DAA2000A-02E5-26C9-5D18-72C01EF76742}.Debug|Any CPU.Build.0 = Debug|Any CPU
		{DAA2000A-02E5-26C9-5D18-72C01EF76742}.Release|Any CPU.ActiveCfg = Release|Any CPU
		{DAA2000A-02E5-26C9-5D18-72C01EF76742}.Release|Any CPU.Build.0 = Release|Any CPU
		{8CA9761A-6FCB-7FD6-A04F-7355EC97E5F5}.Debug|Any CPU.ActiveCfg = Debug|Any CPU
		{8CA9761A-6FCB-7FD6-A04F-7355EC97E5F5}.Debug|Any CPU.Build.0 = Debug|Any CPU
		{8CA9761A-6FCB-7FD6-A04F-7355EC97E5F5}.Release|Any CPU.ActiveCfg = Release|Any CPU
		{8CA9761A-6FCB-7FD6-A04F-7355EC97E5F5}.Release|Any CPU.Build.0 = Release|Any CPU
	EndGlobalSection
	GlobalSection(SolutionProperties) = preSolution
		HideSolutionNode = FALSE
	EndGlobalSection
EndGlobal
